
Microsoft Visual Studio Solution File, Format Version 12.00
# Visual Studio 2013
VisualStudioVersion = 12.0.30501.0
MinimumVisualStudioVersion = 10.0.40219.1
Project("{8BC9CEB8-8B4A-11D0-8D11-00A0C91BC942}") = "Single Number", "Single Number\Single Number.vcxproj", "{E6435C04-2C26-44AF-8BE7-A92A8D923412}"
EndProject
Project("{8BC9CEB8-8B4A-11D0-8D11-00A0C91BC942}") = "Maximum Depth of Binary Tree", "Maximum Depth of Binary Tree\Maximum Depth of Binary Tree.vcxproj", "{9DEFD639-A2A7-4BD9-9560-D15323C4DC6A}"
EndProject
Project("{2150E333-8FDC-42A3-9474-1A3956D46DE8}") = "Solution Items", "Solution Items", "{EC8C51CA-4553-4C9F-92CF-1E1D74BAEE4B}"
	ProjectSection(SolutionItems) = preProject
		Template.txt = Template.txt
	EndProjectSection
EndProject
Project("{8BC9CEB8-8B4A-11D0-8D11-00A0C91BC942}") = "Same Tree", "Same Tree\Same Tree.vcxproj", "{2D2E800F-99DE-4110-9F5C-A8B7255E5BC0}"
EndProject
Project("{8BC9CEB8-8B4A-11D0-8D11-00A0C91BC942}") = "Reverse Integer", "Reverse Integer\Reverse Integer.vcxproj", "{941A982E-3353-4335-87FF-111CEDD2B95A}"
EndProject
Project("{8BC9CEB8-8B4A-11D0-8D11-00A0C91BC942}") = "Best Time to Buy and Sell Stock", "Best Time to Buy and Sell Stock\Best Time to Buy and Sell Stock.vcxproj", "{3AF5ABC4-9099-4F22-B248-6F7332D8D331}"
EndProject
Global
	GlobalSection(SolutionConfigurationPlatforms) = preSolution
		Debug|Win32 = Debug|Win32
		Release|Win32 = Release|Win32
	EndGlobalSection
	GlobalSection(ProjectConfigurationPlatforms) = postSolution
		{E6435C04-2C26-44AF-8BE7-A92A8D923412}.Debug|Win32.ActiveCfg = Debug|Win32
		{E6435C04-2C26-44AF-8BE7-A92A8D923412}.Debug|Win32.Build.0 = Debug|Win32
		{E6435C04-2C26-44AF-8BE7-A92A8D923412}.Release|Win32.ActiveCfg = Release|Win32
		{E6435C04-2C26-44AF-8BE7-A92A8D923412}.Release|Win32.Build.0 = Release|Win32
		{9DEFD639-A2A7-4BD9-9560-D15323C4DC6A}.Debug|Win32.ActiveCfg = Debug|Win32
		{9DEFD639-A2A7-4BD9-9560-D15323C4DC6A}.Debug|Win32.Build.0 = Debug|Win32
		{9DEFD639-A2A7-4BD9-9560-D15323C4DC6A}.Release|Win32.ActiveCfg = Release|Win32
		{9DEFD639-A2A7-4BD9-9560-D15323C4DC6A}.Release|Win32.Build.0 = Release|Win32
		{2D2E800F-99DE-4110-9F5C-A8B7255E5BC0}.Debug|Win32.ActiveCfg = Debug|Win32
		{2D2E800F-99DE-4110-9F5C-A8B7255E5BC0}.Debug|Win32.Build.0 = Debug|Win32
		{2D2E800F-99DE-4110-9F5C-A8B7255E5BC0}.Release|Win32.ActiveCfg = Release|Win32
		{2D2E800F-99DE-4110-9F5C-A8B7255E5BC0}.Release|Win32.Build.0 = Release|Win32
		{941A982E-3353-4335-87FF-111CEDD2B95A}.Debug|Win32.ActiveCfg = Debug|Win32
		{941A982E-3353-4335-87FF-111CEDD2B95A}.Debug|Win32.Build.0 = Debug|Win32
		{941A982E-3353-4335-87FF-111CEDD2B95A}.Release|Win32.ActiveCfg = Release|Win32
		{941A982E-3353-4335-87FF-111CEDD2B95A}.Release|Win32.Build.0 = Release|Win32
		{3AF5ABC4-9099-4F22-B248-6F7332D8D331}.Debug|Win32.ActiveCfg = Debug|Win32
		{3AF5ABC4-9099-4F22-B248-6F7332D8D331}.Debug|Win32.Build.0 = Debug|Win32
		{3AF5ABC4-9099-4F22-B248-6F7332D8D331}.Release|Win32.ActiveCfg = Release|Win32
		{3AF5ABC4-9099-4F22-B248-6F7332D8D331}.Release|Win32.Build.0 = Release|Win32
	EndGlobalSection
	GlobalSection(SolutionProperties) = preSolution
		HideSolutionNode = FALSE
	EndGlobalSection
EndGlobal
